
Microsoft Visual Studio Solution File, Format Version 12.00
# Visual Studio 15
VisualStudioVersion = 15.0.27703.2035
MinimumVisualStudioVersion = 10.0.40219.1
Project("{FAE04EC0-301F-11D3-BF4B-00C04F79EFBC}") = "Session24", "Session24\Session24.csproj", "{61F0552E-C6BB-41D1-821E-F329B6C04FB3}"
EndProject
Project("{FAE04EC0-301F-11D3-BF4B-00C04F79EFBC}") = "Session24Tests", "Session24Tests\Session24Tests.csproj", "{7ACB0341-9506-440C-898A-D0C16FF35C38}"
EndProject
Global
	GlobalSection(SolutionConfigurationPlatforms) = preSolution
		Debug|Any CPU = Debug|Any CPU
		Release|Any CPU = Release|Any CPU
	EndGlobalSection
	GlobalSection(ProjectConfigurationPlatforms) = postSolution
		{61F0552E-C6BB-41D1-821E-F329B6C04FB3}.Debug|Any CPU.ActiveCfg = Debug|Any CPU
		{61F0552E-C6BB-41D1-821E-F329B6C04FB3}.Debug|Any CPU.Build.0 = Debug|Any CPU
		{61F0552E-C6BB-41D1-821E-F329B6C04FB3}.Release|Any CPU.ActiveCfg = Release|Any CPU
		{61F0552E-C6BB-41D1-821E-F329B6C04FB3}.Release|Any CPU.Build.0 = Release|Any CPU
		{7ACB0341-9506-440C-898A-D0C16FF35C38}.Debug|Any CPU.ActiveCfg = Debug|Any CPU
		{7ACB0341-9506-440C-898A-D0C16FF35C38}.Debug|Any CPU.Build.0 = Debug|Any CPU
		{7ACB0341-9506-440C-898A-D0C16FF35C38}.Release|Any CPU.ActiveCfg = Release|Any CPU
		{7ACB0341-9506-440C-898A-D0C16FF35C38}.Release|Any CPU.Build.0 = Release|Any CPU
	EndGlobalSection
	GlobalSection(SolutionProperties) = preSolution
		HideSolutionNode = FALSE
	EndGlobalSection
	GlobalSection(ExtensibilityGlobals) = postSolution
		SolutionGuid = {B0B251AE-6AB3-4D00-8693-60BC5FFC1AF2}
	EndGlobalSection
EndGlobal
