
Microsoft Visual Studio Solution File, Format Version 12.00
# Visual Studio 15
VisualStudioVersion = 15.0.27703.2035
MinimumVisualStudioVersion = 10.0.40219.1
Project("{FAE04EC0-301F-11D3-BF4B-00C04F79EFBC}") = "Session25ClassVariable", "Session25ClassVariable\Session25ClassVariable.csproj", "{7868FB78-0E14-45AF-86C4-946B86464E93}"
EndProject
Global
	GlobalSection(SolutionConfigurationPlatforms) = preSolution
		Debug|Any CPU = Debug|Any CPU
		Release|Any CPU = Release|Any CPU
	EndGlobalSection
	GlobalSection(ProjectConfigurationPlatforms) = postSolution
		{7868FB78-0E14-45AF-86C4-946B86464E93}.Debug|Any CPU.ActiveCfg = Debug|Any CPU
		{7868FB78-0E14-45AF-86C4-946B86464E93}.Debug|Any CPU.Build.0 = Debug|Any CPU
		{7868FB78-0E14-45AF-86C4-946B86464E93}.Release|Any CPU.ActiveCfg = Release|Any CPU
		{7868FB78-0E14-45AF-86C4-946B86464E93}.Release|Any CPU.Build.0 = Release|Any CPU
	EndGlobalSection
	GlobalSection(SolutionProperties) = preSolution
		HideSolutionNode = FALSE
	EndGlobalSection
	GlobalSection(ExtensibilityGlobals) = postSolution
		SolutionGuid = {6A370653-D26A-4C4F-AAA0-519E2D61C71F}
	EndGlobalSection
EndGlobal
