
Microsoft Visual Studio Solution File, Format Version 12.00
# Visual Studio 15
VisualStudioVersion = 15.0.26730.8
MinimumVisualStudioVersion = 10.0.40219.1
Project("{FAE04EC0-301F-11D3-BF4B-00C04F79EFBC}") = "Session1Exercise1", "Session1Exercise1\Session1Exercise1.csproj", "{8757E190-B2EB-411A-A5AF-C2634B1F6B92}"
EndProject
Global
	GlobalSection(SolutionConfigurationPlatforms) = preSolution
		Debug|Any CPU = Debug|Any CPU
		Release|Any CPU = Release|Any CPU
	EndGlobalSection
	GlobalSection(ProjectConfigurationPlatforms) = postSolution
		{8757E190-B2EB-411A-A5AF-C2634B1F6B92}.Debug|Any CPU.ActiveCfg = Debug|Any CPU
		{8757E190-B2EB-411A-A5AF-C2634B1F6B92}.Debug|Any CPU.Build.0 = Debug|Any CPU
		{8757E190-B2EB-411A-A5AF-C2634B1F6B92}.Release|Any CPU.ActiveCfg = Release|Any CPU
		{8757E190-B2EB-411A-A5AF-C2634B1F6B92}.Release|Any CPU.Build.0 = Release|Any CPU
	EndGlobalSection
	GlobalSection(SolutionProperties) = preSolution
		HideSolutionNode = FALSE
	EndGlobalSection
	GlobalSection(ExtensibilityGlobals) = postSolution
		SolutionGuid = {A6FEB501-5222-4A44-8683-231E660588D9}
	EndGlobalSection
EndGlobal
