
Microsoft Visual Studio Solution File, Format Version 12.00
# Visual Studio 15
VisualStudioVersion = 15.0.26730.8
MinimumVisualStudioVersion = 10.0.40219.1
Project("{FAE04EC0-301F-11D3-BF4B-00C04F79EFBC}") = "Session24Part2", "Session24Part2\Session24Part2.csproj", "{747A08CC-B741-4495-A13E-28416FF289BA}"
EndProject
Project("{FAE04EC0-301F-11D3-BF4B-00C04F79EFBC}") = "TriangleTests", "TriangleTests\TriangleTests.csproj", "{C323BFCE-D482-4FCC-BA65-E6A94CA9799E}"
EndProject
Global
	GlobalSection(SolutionConfigurationPlatforms) = preSolution
		Debug|Any CPU = Debug|Any CPU
		Release|Any CPU = Release|Any CPU
	EndGlobalSection
	GlobalSection(ProjectConfigurationPlatforms) = postSolution
		{747A08CC-B741-4495-A13E-28416FF289BA}.Debug|Any CPU.ActiveCfg = Debug|Any CPU
		{747A08CC-B741-4495-A13E-28416FF289BA}.Debug|Any CPU.Build.0 = Debug|Any CPU
		{747A08CC-B741-4495-A13E-28416FF289BA}.Release|Any CPU.ActiveCfg = Release|Any CPU
		{747A08CC-B741-4495-A13E-28416FF289BA}.Release|Any CPU.Build.0 = Release|Any CPU
		{C323BFCE-D482-4FCC-BA65-E6A94CA9799E}.Debug|Any CPU.ActiveCfg = Debug|Any CPU
		{C323BFCE-D482-4FCC-BA65-E6A94CA9799E}.Debug|Any CPU.Build.0 = Debug|Any CPU
		{C323BFCE-D482-4FCC-BA65-E6A94CA9799E}.Release|Any CPU.ActiveCfg = Release|Any CPU
		{C323BFCE-D482-4FCC-BA65-E6A94CA9799E}.Release|Any CPU.Build.0 = Release|Any CPU
	EndGlobalSection
	GlobalSection(SolutionProperties) = preSolution
		HideSolutionNode = FALSE
	EndGlobalSection
	GlobalSection(ExtensibilityGlobals) = postSolution
		SolutionGuid = {6F3F5CC5-AB30-4896-8CDC-D947B9727EFD}
	EndGlobalSection
EndGlobal
