
Microsoft Visual Studio Solution File, Format Version 12.00
# Visual Studio 15
VisualStudioVersion = 15.0.26730.8
MinimumVisualStudioVersion = 10.0.40219.1
Project("{FAE04EC0-301F-11D3-BF4B-00C04F79EFBC}") = "Session4Exercise8", "Session4Exercise8\Session4Exercise8.csproj", "{E208D7B4-2E25-4EB7-922C-4DC41C0FCAA2}"
EndProject
Global
	GlobalSection(SolutionConfigurationPlatforms) = preSolution
		Debug|Any CPU = Debug|Any CPU
		Release|Any CPU = Release|Any CPU
	EndGlobalSection
	GlobalSection(ProjectConfigurationPlatforms) = postSolution
		{E208D7B4-2E25-4EB7-922C-4DC41C0FCAA2}.Debug|Any CPU.ActiveCfg = Debug|Any CPU
		{E208D7B4-2E25-4EB7-922C-4DC41C0FCAA2}.Debug|Any CPU.Build.0 = Debug|Any CPU
		{E208D7B4-2E25-4EB7-922C-4DC41C0FCAA2}.Release|Any CPU.ActiveCfg = Release|Any CPU
		{E208D7B4-2E25-4EB7-922C-4DC41C0FCAA2}.Release|Any CPU.Build.0 = Release|Any CPU
	EndGlobalSection
	GlobalSection(SolutionProperties) = preSolution
		HideSolutionNode = FALSE
	EndGlobalSection
	GlobalSection(ExtensibilityGlobals) = postSolution
		SolutionGuid = {1E9D9B0E-CA2F-4A74-AD00-C586E7AE090F}
	EndGlobalSection
EndGlobal
