
Microsoft Visual Studio Solution File, Format Version 12.00
# Visual Studio 15
VisualStudioVersion = 15.0.26730.8
MinimumVisualStudioVersion = 10.0.40219.1
Project("{FAE04EC0-301F-11D3-BF4B-00C04F79EFBC}") = "Session3Exercise1", "Session3Exercise1\Session3Exercise1.csproj", "{5DC19DFE-9B80-4706-AC58-E4A6249A4491}"
EndProject
Global
	GlobalSection(SolutionConfigurationPlatforms) = preSolution
		Debug|Any CPU = Debug|Any CPU
		Release|Any CPU = Release|Any CPU
	EndGlobalSection
	GlobalSection(ProjectConfigurationPlatforms) = postSolution
		{5DC19DFE-9B80-4706-AC58-E4A6249A4491}.Debug|Any CPU.ActiveCfg = Debug|Any CPU
		{5DC19DFE-9B80-4706-AC58-E4A6249A4491}.Debug|Any CPU.Build.0 = Debug|Any CPU
		{5DC19DFE-9B80-4706-AC58-E4A6249A4491}.Release|Any CPU.ActiveCfg = Release|Any CPU
		{5DC19DFE-9B80-4706-AC58-E4A6249A4491}.Release|Any CPU.Build.0 = Release|Any CPU
	EndGlobalSection
	GlobalSection(SolutionProperties) = preSolution
		HideSolutionNode = FALSE
	EndGlobalSection
	GlobalSection(ExtensibilityGlobals) = postSolution
		SolutionGuid = {B4225C8F-B58A-4849-8176-6CB3FA2AD432}
	EndGlobalSection
EndGlobal
