
Microsoft Visual Studio Solution File, Format Version 12.00
# Visual Studio 15
VisualStudioVersion = 15.0.26730.8
MinimumVisualStudioVersion = 10.0.40219.1
Project("{FAE04EC0-301F-11D3-BF4B-00C04F79EFBC}") = "Session5Exercise1", "Session5Exercise1\Session5Exercise1.csproj", "{DE7A884B-2466-49EE-AC98-0C7FCBC0AAED}"
EndProject
Global
	GlobalSection(SolutionConfigurationPlatforms) = preSolution
		Debug|Any CPU = Debug|Any CPU
		Release|Any CPU = Release|Any CPU
	EndGlobalSection
	GlobalSection(ProjectConfigurationPlatforms) = postSolution
		{DE7A884B-2466-49EE-AC98-0C7FCBC0AAED}.Debug|Any CPU.ActiveCfg = Debug|Any CPU
		{DE7A884B-2466-49EE-AC98-0C7FCBC0AAED}.Debug|Any CPU.Build.0 = Debug|Any CPU
		{DE7A884B-2466-49EE-AC98-0C7FCBC0AAED}.Release|Any CPU.ActiveCfg = Release|Any CPU
		{DE7A884B-2466-49EE-AC98-0C7FCBC0AAED}.Release|Any CPU.Build.0 = Release|Any CPU
	EndGlobalSection
	GlobalSection(SolutionProperties) = preSolution
		HideSolutionNode = FALSE
	EndGlobalSection
	GlobalSection(ExtensibilityGlobals) = postSolution
		SolutionGuid = {70C00EE0-935B-420D-A5E3-5CE51C427C7E}
	EndGlobalSection
EndGlobal
