
Microsoft Visual Studio Solution File, Format Version 12.00
# Visual Studio 15
VisualStudioVersion = 15.0.26730.8
MinimumVisualStudioVersion = 10.0.40219.1
Project("{FAE04EC0-301F-11D3-BF4B-00C04F79EFBC}") = "Session4Exercise12", "Session4Exercise12\Session4Exercise12.csproj", "{1D8DEE2D-61B0-41FF-AE8E-9D9CF5AB58C5}"
EndProject
Global
	GlobalSection(SolutionConfigurationPlatforms) = preSolution
		Debug|Any CPU = Debug|Any CPU
		Release|Any CPU = Release|Any CPU
	EndGlobalSection
	GlobalSection(ProjectConfigurationPlatforms) = postSolution
		{1D8DEE2D-61B0-41FF-AE8E-9D9CF5AB58C5}.Debug|Any CPU.ActiveCfg = Debug|Any CPU
		{1D8DEE2D-61B0-41FF-AE8E-9D9CF5AB58C5}.Debug|Any CPU.Build.0 = Debug|Any CPU
		{1D8DEE2D-61B0-41FF-AE8E-9D9CF5AB58C5}.Release|Any CPU.ActiveCfg = Release|Any CPU
		{1D8DEE2D-61B0-41FF-AE8E-9D9CF5AB58C5}.Release|Any CPU.Build.0 = Release|Any CPU
	EndGlobalSection
	GlobalSection(SolutionProperties) = preSolution
		HideSolutionNode = FALSE
	EndGlobalSection
	GlobalSection(ExtensibilityGlobals) = postSolution
		SolutionGuid = {433DFF29-8BE1-4199-91CB-02BD2DCBEFEA}
	EndGlobalSection
EndGlobal
