
Microsoft Visual Studio Solution File, Format Version 12.00
# Visual Studio 15
VisualStudioVersion = 15.0.26730.8
MinimumVisualStudioVersion = 10.0.40219.1
Project("{FAE04EC0-301F-11D3-BF4B-00C04F79EFBC}") = "Session3Exercise4", "Session3Exercise4\Session3Exercise4.csproj", "{1C06ED40-75BB-4893-BA5C-401E024C9795}"
EndProject
Global
	GlobalSection(SolutionConfigurationPlatforms) = preSolution
		Debug|Any CPU = Debug|Any CPU
		Release|Any CPU = Release|Any CPU
	EndGlobalSection
	GlobalSection(ProjectConfigurationPlatforms) = postSolution
		{1C06ED40-75BB-4893-BA5C-401E024C9795}.Debug|Any CPU.ActiveCfg = Debug|Any CPU
		{1C06ED40-75BB-4893-BA5C-401E024C9795}.Debug|Any CPU.Build.0 = Debug|Any CPU
		{1C06ED40-75BB-4893-BA5C-401E024C9795}.Release|Any CPU.ActiveCfg = Release|Any CPU
		{1C06ED40-75BB-4893-BA5C-401E024C9795}.Release|Any CPU.Build.0 = Release|Any CPU
	EndGlobalSection
	GlobalSection(SolutionProperties) = preSolution
		HideSolutionNode = FALSE
	EndGlobalSection
	GlobalSection(ExtensibilityGlobals) = postSolution
		SolutionGuid = {ECDDCB01-731A-455F-B2D1-09C726825421}
	EndGlobalSection
EndGlobal
