
Microsoft Visual Studio Solution File, Format Version 12.00
# Visual Studio 15
VisualStudioVersion = 15.0.26730.8
MinimumVisualStudioVersion = 10.0.40219.1
Project("{FAE04EC0-301F-11D3-BF4B-00C04F79EFBC}") = "Session22Part2", "Session22Part2\Session22Part2.csproj", "{BB4F8B8A-9346-4D0C-95EC-7C8A987CD237}"
EndProject
Global
	GlobalSection(SolutionConfigurationPlatforms) = preSolution
		Debug|Any CPU = Debug|Any CPU
		Release|Any CPU = Release|Any CPU
	EndGlobalSection
	GlobalSection(ProjectConfigurationPlatforms) = postSolution
		{BB4F8B8A-9346-4D0C-95EC-7C8A987CD237}.Debug|Any CPU.ActiveCfg = Debug|Any CPU
		{BB4F8B8A-9346-4D0C-95EC-7C8A987CD237}.Debug|Any CPU.Build.0 = Debug|Any CPU
		{BB4F8B8A-9346-4D0C-95EC-7C8A987CD237}.Release|Any CPU.ActiveCfg = Release|Any CPU
		{BB4F8B8A-9346-4D0C-95EC-7C8A987CD237}.Release|Any CPU.Build.0 = Release|Any CPU
	EndGlobalSection
	GlobalSection(SolutionProperties) = preSolution
		HideSolutionNode = FALSE
	EndGlobalSection
	GlobalSection(ExtensibilityGlobals) = postSolution
		SolutionGuid = {E6D9CD25-A903-4039-8FB0-8D611F108225}
	EndGlobalSection
EndGlobal
