
Microsoft Visual Studio Solution File, Format Version 12.00
# Visual Studio 15
VisualStudioVersion = 15.0.26730.8
MinimumVisualStudioVersion = 10.0.40219.1
Project("{FAE04EC0-301F-11D3-BF4B-00C04F79EFBC}") = "1", "1\1.csproj", "{FFBB210D-B9DA-4524-BB38-CE5450228A8A}"
EndProject
Global
	GlobalSection(SolutionConfigurationPlatforms) = preSolution
		Debug|Any CPU = Debug|Any CPU
		Release|Any CPU = Release|Any CPU
	EndGlobalSection
	GlobalSection(ProjectConfigurationPlatforms) = postSolution
		{FFBB210D-B9DA-4524-BB38-CE5450228A8A}.Debug|Any CPU.ActiveCfg = Debug|Any CPU
		{FFBB210D-B9DA-4524-BB38-CE5450228A8A}.Debug|Any CPU.Build.0 = Debug|Any CPU
		{FFBB210D-B9DA-4524-BB38-CE5450228A8A}.Release|Any CPU.ActiveCfg = Release|Any CPU
		{FFBB210D-B9DA-4524-BB38-CE5450228A8A}.Release|Any CPU.Build.0 = Release|Any CPU
	EndGlobalSection
	GlobalSection(SolutionProperties) = preSolution
		HideSolutionNode = FALSE
	EndGlobalSection
	GlobalSection(ExtensibilityGlobals) = postSolution
		SolutionGuid = {7BD216E3-E336-4AB1-A829-55D7D995C548}
	EndGlobalSection
EndGlobal
