
Microsoft Visual Studio Solution File, Format Version 12.00
# Visual Studio 15
VisualStudioVersion = 15.0.26730.8
MinimumVisualStudioVersion = 10.0.40219.1
Project("{FAE04EC0-301F-11D3-BF4B-00C04F79EFBC}") = "Session3", "Session3\Session3.csproj", "{ABA27C67-2F6A-4985-91C9-071A8CEE8237}"
EndProject
Global
	GlobalSection(SolutionConfigurationPlatforms) = preSolution
		Debug|Any CPU = Debug|Any CPU
		Release|Any CPU = Release|Any CPU
	EndGlobalSection
	GlobalSection(ProjectConfigurationPlatforms) = postSolution
		{ABA27C67-2F6A-4985-91C9-071A8CEE8237}.Debug|Any CPU.ActiveCfg = Debug|Any CPU
		{ABA27C67-2F6A-4985-91C9-071A8CEE8237}.Debug|Any CPU.Build.0 = Debug|Any CPU
		{ABA27C67-2F6A-4985-91C9-071A8CEE8237}.Release|Any CPU.ActiveCfg = Release|Any CPU
		{ABA27C67-2F6A-4985-91C9-071A8CEE8237}.Release|Any CPU.Build.0 = Release|Any CPU
	EndGlobalSection
	GlobalSection(SolutionProperties) = preSolution
		HideSolutionNode = FALSE
	EndGlobalSection
	GlobalSection(ExtensibilityGlobals) = postSolution
		SolutionGuid = {6F0D6054-86B7-45A6-A66C-956B361641D5}
	EndGlobalSection
EndGlobal
