
Microsoft Visual Studio Solution File, Format Version 12.00
# Visual Studio 15
VisualStudioVersion = 15.0.26730.8
MinimumVisualStudioVersion = 10.0.40219.1
Project("{FAE04EC0-301F-11D3-BF4B-00C04F79EFBC}") = "Session1Exercise4", "Session1Exercise4\Session1Exercise4.csproj", "{C4319A23-A8CF-46D5-A4E3-071172270B78}"
EndProject
Global
	GlobalSection(SolutionConfigurationPlatforms) = preSolution
		Debug|Any CPU = Debug|Any CPU
		Release|Any CPU = Release|Any CPU
	EndGlobalSection
	GlobalSection(ProjectConfigurationPlatforms) = postSolution
		{C4319A23-A8CF-46D5-A4E3-071172270B78}.Debug|Any CPU.ActiveCfg = Debug|Any CPU
		{C4319A23-A8CF-46D5-A4E3-071172270B78}.Debug|Any CPU.Build.0 = Debug|Any CPU
		{C4319A23-A8CF-46D5-A4E3-071172270B78}.Release|Any CPU.ActiveCfg = Release|Any CPU
		{C4319A23-A8CF-46D5-A4E3-071172270B78}.Release|Any CPU.Build.0 = Release|Any CPU
	EndGlobalSection
	GlobalSection(SolutionProperties) = preSolution
		HideSolutionNode = FALSE
	EndGlobalSection
	GlobalSection(ExtensibilityGlobals) = postSolution
		SolutionGuid = {14CF2F90-63DB-4142-8AC7-4AB8885DF6AE}
	EndGlobalSection
EndGlobal
