
Microsoft Visual Studio Solution File, Format Version 12.00
# Visual Studio 15
VisualStudioVersion = 15.0.26730.8
MinimumVisualStudioVersion = 10.0.40219.1
Project("{FAE04EC0-301F-11D3-BF4B-00C04F79EFBC}") = "Session28", "Session28\Session28.csproj", "{FBF91851-9F04-4202-9E86-C9328F03A725}"
EndProject
Global
	GlobalSection(SolutionConfigurationPlatforms) = preSolution
		Debug|Any CPU = Debug|Any CPU
		Release|Any CPU = Release|Any CPU
	EndGlobalSection
	GlobalSection(ProjectConfigurationPlatforms) = postSolution
		{FBF91851-9F04-4202-9E86-C9328F03A725}.Debug|Any CPU.ActiveCfg = Debug|Any CPU
		{FBF91851-9F04-4202-9E86-C9328F03A725}.Debug|Any CPU.Build.0 = Debug|Any CPU
		{FBF91851-9F04-4202-9E86-C9328F03A725}.Release|Any CPU.ActiveCfg = Release|Any CPU
		{FBF91851-9F04-4202-9E86-C9328F03A725}.Release|Any CPU.Build.0 = Release|Any CPU
	EndGlobalSection
	GlobalSection(SolutionProperties) = preSolution
		HideSolutionNode = FALSE
	EndGlobalSection
	GlobalSection(ExtensibilityGlobals) = postSolution
		SolutionGuid = {98284194-148F-4342-A240-A87C77BB7AB4}
	EndGlobalSection
EndGlobal
