
Microsoft Visual Studio Solution File, Format Version 12.00
# Visual Studio 15
VisualStudioVersion = 15.0.27703.2035
MinimumVisualStudioVersion = 10.0.40219.1
Project("{FAE04EC0-301F-11D3-BF4B-00C04F79EFBC}") = "Session2Exercise1", "Session2Exercise1\Session2Exercise1.csproj", "{CA3ECF5E-693D-4E4F-8CF6-1A55BE5C01CA}"
EndProject
Global
	GlobalSection(SolutionConfigurationPlatforms) = preSolution
		Debug|Any CPU = Debug|Any CPU
		Release|Any CPU = Release|Any CPU
	EndGlobalSection
	GlobalSection(ProjectConfigurationPlatforms) = postSolution
		{CA3ECF5E-693D-4E4F-8CF6-1A55BE5C01CA}.Debug|Any CPU.ActiveCfg = Debug|Any CPU
		{CA3ECF5E-693D-4E4F-8CF6-1A55BE5C01CA}.Debug|Any CPU.Build.0 = Debug|Any CPU
		{CA3ECF5E-693D-4E4F-8CF6-1A55BE5C01CA}.Release|Any CPU.ActiveCfg = Release|Any CPU
		{CA3ECF5E-693D-4E4F-8CF6-1A55BE5C01CA}.Release|Any CPU.Build.0 = Release|Any CPU
	EndGlobalSection
	GlobalSection(SolutionProperties) = preSolution
		HideSolutionNode = FALSE
	EndGlobalSection
	GlobalSection(ExtensibilityGlobals) = postSolution
		SolutionGuid = {4B28F7A1-DC6D-4304-8D99-3A4EA689CFCE}
	EndGlobalSection
EndGlobal
