
Microsoft Visual Studio Solution File, Format Version 12.00
# Visual Studio 15
VisualStudioVersion = 15.0.26730.8
MinimumVisualStudioVersion = 10.0.40219.1
Project("{FAE04EC0-301F-11D3-BF4B-00C04F79EFBC}") = "Session9", "Session9\Session9.csproj", "{3DE2FF39-AFCC-4FC4-A0DB-9900E8119247}"
EndProject
Global
	GlobalSection(SolutionConfigurationPlatforms) = preSolution
		Debug|Any CPU = Debug|Any CPU
		Release|Any CPU = Release|Any CPU
	EndGlobalSection
	GlobalSection(ProjectConfigurationPlatforms) = postSolution
		{3DE2FF39-AFCC-4FC4-A0DB-9900E8119247}.Debug|Any CPU.ActiveCfg = Debug|Any CPU
		{3DE2FF39-AFCC-4FC4-A0DB-9900E8119247}.Debug|Any CPU.Build.0 = Debug|Any CPU
		{3DE2FF39-AFCC-4FC4-A0DB-9900E8119247}.Release|Any CPU.ActiveCfg = Release|Any CPU
		{3DE2FF39-AFCC-4FC4-A0DB-9900E8119247}.Release|Any CPU.Build.0 = Release|Any CPU
	EndGlobalSection
	GlobalSection(SolutionProperties) = preSolution
		HideSolutionNode = FALSE
	EndGlobalSection
	GlobalSection(ExtensibilityGlobals) = postSolution
		SolutionGuid = {A37656C9-3670-401E-8EE1-6B9475AA7644}
	EndGlobalSection
EndGlobal
