
Microsoft Visual Studio Solution File, Format Version 12.00
# Visual Studio 15
VisualStudioVersion = 15.0.26730.8
MinimumVisualStudioVersion = 10.0.40219.1
Project("{FAE04EC0-301F-11D3-BF4B-00C04F79EFBC}") = "Session22", "Session22\Session22.csproj", "{9F304B70-638B-4112-B7D3-9513A41CC378}"
EndProject
Global
	GlobalSection(SolutionConfigurationPlatforms) = preSolution
		Debug|Any CPU = Debug|Any CPU
		Release|Any CPU = Release|Any CPU
	EndGlobalSection
	GlobalSection(ProjectConfigurationPlatforms) = postSolution
		{9F304B70-638B-4112-B7D3-9513A41CC378}.Debug|Any CPU.ActiveCfg = Debug|Any CPU
		{9F304B70-638B-4112-B7D3-9513A41CC378}.Debug|Any CPU.Build.0 = Debug|Any CPU
		{9F304B70-638B-4112-B7D3-9513A41CC378}.Release|Any CPU.ActiveCfg = Release|Any CPU
		{9F304B70-638B-4112-B7D3-9513A41CC378}.Release|Any CPU.Build.0 = Release|Any CPU
	EndGlobalSection
	GlobalSection(SolutionProperties) = preSolution
		HideSolutionNode = FALSE
	EndGlobalSection
	GlobalSection(ExtensibilityGlobals) = postSolution
		SolutionGuid = {1EB20A63-2B3C-4079-9FE8-F5E74BA31DBD}
	EndGlobalSection
EndGlobal
