
Microsoft Visual Studio Solution File, Format Version 12.00
# Visual Studio 15
VisualStudioVersion = 15.0.26730.8
MinimumVisualStudioVersion = 10.0.40219.1
Project("{FAE04EC0-301F-11D3-BF4B-00C04F79EFBC}") = "Session1Exercise6", "Session1Exercise6\Session1Exercise6.csproj", "{422A26D4-E658-4A48-935F-CEDE824930F9}"
EndProject
Global
	GlobalSection(SolutionConfigurationPlatforms) = preSolution
		Debug|Any CPU = Debug|Any CPU
		Release|Any CPU = Release|Any CPU
	EndGlobalSection
	GlobalSection(ProjectConfigurationPlatforms) = postSolution
		{422A26D4-E658-4A48-935F-CEDE824930F9}.Debug|Any CPU.ActiveCfg = Debug|Any CPU
		{422A26D4-E658-4A48-935F-CEDE824930F9}.Debug|Any CPU.Build.0 = Debug|Any CPU
		{422A26D4-E658-4A48-935F-CEDE824930F9}.Release|Any CPU.ActiveCfg = Release|Any CPU
		{422A26D4-E658-4A48-935F-CEDE824930F9}.Release|Any CPU.Build.0 = Release|Any CPU
	EndGlobalSection
	GlobalSection(SolutionProperties) = preSolution
		HideSolutionNode = FALSE
	EndGlobalSection
	GlobalSection(ExtensibilityGlobals) = postSolution
		SolutionGuid = {09D859DD-1BA0-4113-A032-619D41FAC8D8}
	EndGlobalSection
EndGlobal
