
Microsoft Visual Studio Solution File, Format Version 12.00
# Visual Studio 15
VisualStudioVersion = 15.0.26730.8
MinimumVisualStudioVersion = 10.0.40219.1
Project("{FAE04EC0-301F-11D3-BF4B-00C04F79EFBC}") = "Session21Part2", "Session21Part2\Session21Part2.csproj", "{A6FC818D-F6DF-4118-95A2-981D448CA878}"
EndProject
Global
	GlobalSection(SolutionConfigurationPlatforms) = preSolution
		Debug|Any CPU = Debug|Any CPU
		Release|Any CPU = Release|Any CPU
	EndGlobalSection
	GlobalSection(ProjectConfigurationPlatforms) = postSolution
		{A6FC818D-F6DF-4118-95A2-981D448CA878}.Debug|Any CPU.ActiveCfg = Debug|Any CPU
		{A6FC818D-F6DF-4118-95A2-981D448CA878}.Debug|Any CPU.Build.0 = Debug|Any CPU
		{A6FC818D-F6DF-4118-95A2-981D448CA878}.Release|Any CPU.ActiveCfg = Release|Any CPU
		{A6FC818D-F6DF-4118-95A2-981D448CA878}.Release|Any CPU.Build.0 = Release|Any CPU
	EndGlobalSection
	GlobalSection(SolutionProperties) = preSolution
		HideSolutionNode = FALSE
	EndGlobalSection
	GlobalSection(ExtensibilityGlobals) = postSolution
		SolutionGuid = {D6589FFE-7086-41C7-92E9-A65CBFB0A9E5}
	EndGlobalSection
EndGlobal
