
Microsoft Visual Studio Solution File, Format Version 12.00
# Visual Studio 15
VisualStudioVersion = 15.0.26730.8
MinimumVisualStudioVersion = 10.0.40219.1
Project("{FAE04EC0-301F-11D3-BF4B-00C04F79EFBC}") = "Session8", "Session8\Session8.csproj", "{D0629989-49AC-402F-9B00-9267A0F7204B}"
EndProject
Global
	GlobalSection(SolutionConfigurationPlatforms) = preSolution
		Debug|Any CPU = Debug|Any CPU
		Release|Any CPU = Release|Any CPU
	EndGlobalSection
	GlobalSection(ProjectConfigurationPlatforms) = postSolution
		{D0629989-49AC-402F-9B00-9267A0F7204B}.Debug|Any CPU.ActiveCfg = Debug|Any CPU
		{D0629989-49AC-402F-9B00-9267A0F7204B}.Debug|Any CPU.Build.0 = Debug|Any CPU
		{D0629989-49AC-402F-9B00-9267A0F7204B}.Release|Any CPU.ActiveCfg = Release|Any CPU
		{D0629989-49AC-402F-9B00-9267A0F7204B}.Release|Any CPU.Build.0 = Release|Any CPU
	EndGlobalSection
	GlobalSection(SolutionProperties) = preSolution
		HideSolutionNode = FALSE
	EndGlobalSection
	GlobalSection(ExtensibilityGlobals) = postSolution
		SolutionGuid = {C0BF0777-583D-407C-8AEC-0C55FD07E3CF}
	EndGlobalSection
EndGlobal
