
Microsoft Visual Studio Solution File, Format Version 12.00
# Visual Studio 15
VisualStudioVersion = 15.0.26730.8
MinimumVisualStudioVersion = 10.0.40219.1
Project("{FAE04EC0-301F-11D3-BF4B-00C04F79EFBC}") = "Session4Exercise5", "Session4Exercise5\Session4Exercise5.csproj", "{DE49D9EC-0268-4F08-98A9-A284FA21C605}"
EndProject
Global
	GlobalSection(SolutionConfigurationPlatforms) = preSolution
		Debug|Any CPU = Debug|Any CPU
		Release|Any CPU = Release|Any CPU
	EndGlobalSection
	GlobalSection(ProjectConfigurationPlatforms) = postSolution
		{DE49D9EC-0268-4F08-98A9-A284FA21C605}.Debug|Any CPU.ActiveCfg = Debug|Any CPU
		{DE49D9EC-0268-4F08-98A9-A284FA21C605}.Debug|Any CPU.Build.0 = Debug|Any CPU
		{DE49D9EC-0268-4F08-98A9-A284FA21C605}.Release|Any CPU.ActiveCfg = Release|Any CPU
		{DE49D9EC-0268-4F08-98A9-A284FA21C605}.Release|Any CPU.Build.0 = Release|Any CPU
	EndGlobalSection
	GlobalSection(SolutionProperties) = preSolution
		HideSolutionNode = FALSE
	EndGlobalSection
	GlobalSection(ExtensibilityGlobals) = postSolution
		SolutionGuid = {65061DC6-F61F-4E96-9368-1CFB680815ED}
	EndGlobalSection
EndGlobal
