
Microsoft Visual Studio Solution File, Format Version 12.00
# Visual Studio 15
VisualStudioVersion = 15.0.26730.8
MinimumVisualStudioVersion = 10.0.40219.1
Project("{FAE04EC0-301F-11D3-BF4B-00C04F79EFBC}") = "Session21", "Session21\Session21.csproj", "{4536A686-8581-483F-B8F5-81E1E1A1EC7C}"
EndProject
Global
	GlobalSection(SolutionConfigurationPlatforms) = preSolution
		Debug|Any CPU = Debug|Any CPU
		Release|Any CPU = Release|Any CPU
	EndGlobalSection
	GlobalSection(ProjectConfigurationPlatforms) = postSolution
		{4536A686-8581-483F-B8F5-81E1E1A1EC7C}.Debug|Any CPU.ActiveCfg = Debug|Any CPU
		{4536A686-8581-483F-B8F5-81E1E1A1EC7C}.Debug|Any CPU.Build.0 = Debug|Any CPU
		{4536A686-8581-483F-B8F5-81E1E1A1EC7C}.Release|Any CPU.ActiveCfg = Release|Any CPU
		{4536A686-8581-483F-B8F5-81E1E1A1EC7C}.Release|Any CPU.Build.0 = Release|Any CPU
	EndGlobalSection
	GlobalSection(SolutionProperties) = preSolution
		HideSolutionNode = FALSE
	EndGlobalSection
	GlobalSection(ExtensibilityGlobals) = postSolution
		SolutionGuid = {EC737BD3-CD8D-4D3E-9C69-24D98B97C7C0}
	EndGlobalSection
EndGlobal
